
Microsoft Visual Studio Solution File, Format Version 12.00
# Visual Studio Version 16
VisualStudioVersion = 16.0.31729.503
MinimumVisualStudioVersion = 10.0.40219.1
Project("{FAE04EC0-301F-11D3-BF4B-00C04F79EFBC}") = "Pungan_Victor-George_lab5", "Pungan_Victor-George_lab5.csproj", "{C6F4E841-6545-4EF2-AF3A-47D0CC9A1C6D}"
EndProject
Project("{FAE04EC0-301F-11D3-BF4B-00C04F79EFBC}") = "AutoLotModel", "..\AutoLotModel\AutoLotModel.csproj", "{35E2914B-2F4B-468C-BF31-16980EFF95C7}"
EndProject
Global
	GlobalSection(SolutionConfigurationPlatforms) = preSolution
		Debug|Any CPU = Debug|Any CPU
		Release|Any CPU = Release|Any CPU
	EndGlobalSection
	GlobalSection(ProjectConfigurationPlatforms) = postSolution
		{C6F4E841-6545-4EF2-AF3A-47D0CC9A1C6D}.Debug|Any CPU.ActiveCfg = Debug|Any CPU
		{C6F4E841-6545-4EF2-AF3A-47D0CC9A1C6D}.Debug|Any CPU.Build.0 = Debug|Any CPU
		{C6F4E841-6545-4EF2-AF3A-47D0CC9A1C6D}.Release|Any CPU.ActiveCfg = Release|Any CPU
		{C6F4E841-6545-4EF2-AF3A-47D0CC9A1C6D}.Release|Any CPU.Build.0 = Release|Any CPU
		{35E2914B-2F4B-468C-BF31-16980EFF95C7}.Debug|Any CPU.ActiveCfg = Debug|Any CPU
		{35E2914B-2F4B-468C-BF31-16980EFF95C7}.Debug|Any CPU.Build.0 = Debug|Any CPU
		{35E2914B-2F4B-468C-BF31-16980EFF95C7}.Release|Any CPU.ActiveCfg = Release|Any CPU
		{35E2914B-2F4B-468C-BF31-16980EFF95C7}.Release|Any CPU.Build.0 = Release|Any CPU
	EndGlobalSection
	GlobalSection(SolutionProperties) = preSolution
		HideSolutionNode = FALSE
	EndGlobalSection
	GlobalSection(ExtensibilityGlobals) = postSolution
		SolutionGuid = {1AFFE6DF-9FFD-44BC-9C22-D33E23E2D7B3}
	EndGlobalSection
EndGlobal
